
Microsoft Visual Studio Solution File, Format Version 12.00
# Visual Studio Version 17
VisualStudioVersion = 17.0.31903.59
MinimumVisualStudioVersion = 10.0.40219.1
Project("{FAE04EC0-301F-11D3-BF4B-00C04F79EFBC}") = "TestAPI.Web", "TestAPI.Web\TestAPI.Web.csproj", "{04657677-8348-4854-8CBF-87A70BC9A4C4}"
EndProject
Project("{FAE04EC0-301F-11D3-BF4B-00C04F79EFBC}") = "TestAPI.Domain", "TestAPI.Domain\TestAPI.Domain.csproj", "{49029B50-FF09-43C4-A440-08B7BBEAC877}"
EndProject
Project("{FAE04EC0-301F-11D3-BF4B-00C04F79EFBC}") = "TestAPI.Services", "TestAPI.Services\TestAPI.Services.csproj", "{E44F6E4C-0292-4B6E-9BCD-9AD2AFE97CEA}"
EndProject
Global
	GlobalSection(SolutionConfigurationPlatforms) = preSolution
		Debug|Any CPU = Debug|Any CPU
		Release|Any CPU = Release|Any CPU
	EndGlobalSection
	GlobalSection(SolutionProperties) = preSolution
		HideSolutionNode = FALSE
	EndGlobalSection
	GlobalSection(ProjectConfigurationPlatforms) = postSolution
		{04657677-8348-4854-8CBF-87A70BC9A4C4}.Debug|Any CPU.ActiveCfg = Debug|Any CPU
		{04657677-8348-4854-8CBF-87A70BC9A4C4}.Debug|Any CPU.Build.0 = Debug|Any CPU
		{04657677-8348-4854-8CBF-87A70BC9A4C4}.Release|Any CPU.ActiveCfg = Release|Any CPU
		{04657677-8348-4854-8CBF-87A70BC9A4C4}.Release|Any CPU.Build.0 = Release|Any CPU
		{49029B50-FF09-43C4-A440-08B7BBEAC877}.Debug|Any CPU.ActiveCfg = Debug|Any CPU
		{49029B50-FF09-43C4-A440-08B7BBEAC877}.Debug|Any CPU.Build.0 = Debug|Any CPU
		{49029B50-FF09-43C4-A440-08B7BBEAC877}.Release|Any CPU.ActiveCfg = Release|Any CPU
		{49029B50-FF09-43C4-A440-08B7BBEAC877}.Release|Any CPU.Build.0 = Release|Any CPU
		{E44F6E4C-0292-4B6E-9BCD-9AD2AFE97CEA}.Debug|Any CPU.ActiveCfg = Debug|Any CPU
		{E44F6E4C-0292-4B6E-9BCD-9AD2AFE97CEA}.Debug|Any CPU.Build.0 = Debug|Any CPU
		{E44F6E4C-0292-4B6E-9BCD-9AD2AFE97CEA}.Release|Any CPU.ActiveCfg = Release|Any CPU
		{E44F6E4C-0292-4B6E-9BCD-9AD2AFE97CEA}.Release|Any CPU.Build.0 = Release|Any CPU
	EndGlobalSection
EndGlobal
